
Microsoft Visual Studio Solution File, Format Version 12.00
# Visual Studio Version 17
VisualStudioVersion = 17.0.31903.59
MinimumVisualStudioVersion = 10.0.40219.1
Project("{FAE04EC0-301F-11D3-BF4B-00C04F79EFBC}") = "CaueG", "CaueG\CaueG.csproj", "{B4DD9292-FF93-482E-B52E-59198D33C6BA}"
EndProject
Global
	GlobalSection(SolutionConfigurationPlatforms) = preSolution
		Debug|Any CPU = Debug|Any CPU
		Release|Any CPU = Release|Any CPU
	EndGlobalSection
	GlobalSection(SolutionProperties) = preSolution
		HideSolutionNode = FALSE
	EndGlobalSection
	GlobalSection(ProjectConfigurationPlatforms) = postSolution
		{B4DD9292-FF93-482E-B52E-59198D33C6BA}.Debug|Any CPU.ActiveCfg = Debug|Any CPU
		{B4DD9292-FF93-482E-B52E-59198D33C6BA}.Debug|Any CPU.Build.0 = Debug|Any CPU
		{B4DD9292-FF93-482E-B52E-59198D33C6BA}.Release|Any CPU.ActiveCfg = Release|Any CPU
		{B4DD9292-FF93-482E-B52E-59198D33C6BA}.Release|Any CPU.Build.0 = Release|Any CPU
	EndGlobalSection
EndGlobal
